{
  "name": "backend",
  "lockfileVersion": 3,
  "requires": true,
  "packages": {
    "": {
      "dependencies": {
        "@restatedev/restate": "^1.1.2",
        "@restatedev/restate-server": "^1.1.2"
      }
    },
    "node_modules/@restatedev/restate": {
      "version": "1.1.2",
      "resolved": "https://registry.npmjs.org/@restatedev/restate/-/restate-1.1.2.tgz",
      "integrity": "sha512-mQgXvtHNy7jkLkuCPQvBsLuuf0P+SS1sp0Yqa6KWnm86pOpVIelwg3OraxmjYjTH6AcOAMPMR+fqoT55ki9HQg==",
      "license": "BSL",
      "bin": {
        "restate": "lib/index.js"
      },
      "optionalDependencies": {
        "@restatedev/restate-darwin-arm64": "1.1.2",
        "@restatedev/restate-darwin-x64": "1.1.2",
        "@restatedev/restate-linux-arm64": "1.1.2",
        "@restatedev/restate-linux-x64": "1.1.2"
      }
    },
    "node_modules/@restatedev/restate-darwin-arm64": {
      "version": "1.1.2",
      "resolved": "https://registry.npmjs.org/@restatedev/restate-darwin-arm64/-/restate-darwin-arm64-1.1.2.tgz",
      "integrity": "sha512-FFalB/g+7D2ZiKEUPLTr2ragDj3Z+NaJjz+QXPbeZpPrLoiFn2x3J0ZLGoo5i94SukaYeJHEfw/Lfo2Sxe0E6w==",
      "cpu": [
        "arm64"
      ],
      "license": "BSL",
      "optional": true,
      "os": [
        "darwin"
      ]
    },
    "node_modules/@restatedev/restate-darwin-x64": {
      "version": "1.1.2",
      "resolved": "https://registry.npmjs.org/@restatedev/restate-darwin-x64/-/restate-darwin-x64-1.1.2.tgz",
      "integrity": "sha512-x4BSuGsDzscX/+ItcwYBXgb/PgzQVTkNEIcbx7MWcyMQ961SdtltBvgfr2oGLCNot7Ny2MPdmphL7YauP/OtZQ==",
      "cpu": [
        "x64"
      ],
      "license": "BSL",
      "optional": true,
      "os": [
        "darwin"
      ]
    },
    "node_modules/@restatedev/restate-linux-arm64": {
      "version": "1.1.2",
      "resolved": "https://registry.npmjs.org/@restatedev/restate-linux-arm64/-/restate-linux-arm64-1.1.2.tgz",
      "integrity": "sha512-v7SubiQp5kEfOIVPjcJiRMGW2rCOjmeWkBhIaMwaYgE58VDP2SKwY6S0ddg9NPrKBS2zG7amnZpqgij8Z/NnPA==",
      "cpu": [
        "arm64"
      ],
      "license": "BSL",
      "optional": true,
      "os": [
        "linux"
      ]
    },
    "node_modules/@restatedev/restate-linux-x64": {
      "version": "1.1.2",
      "resolved": "https://registry.npmjs.org/@restatedev/restate-linux-x64/-/restate-linux-x64-1.1.2.tgz",
      "integrity": "sha512-mkIuRVyJcB+n2Re/qY14Y5aA1zDGTpqbHc+5y0pscRcQyavFbxPkzDrJJqPfWZOVU6y6Tdtb98HbDpl0wV04Aw==",
      "cpu": [
        "x64"
      ],
      "license": "BSL",
      "optional": true,
      "os": [
        "linux"
      ]
    },
    "node_modules/@restatedev/restate-server": {
      "version": "1.1.2",
      "resolved": "https://registry.npmjs.org/@restatedev/restate-server/-/restate-server-1.1.2.tgz",
      "integrity": "sha512-PqKN0BzAvIS6gyaDUVsDG1o80FQ5JaPbYa/KyDr/RHZxggw/Dogtz/dRYFVipQzbR7pYDIp0II/E7e225Dn2ng==",
      "license": "BSL",
      "bin": {
        "restate-server": "lib/index.js"
      },
      "optionalDependencies": {
        "@restatedev/restate-server-darwin-arm64": "1.1.2",
        "@restatedev/restate-server-darwin-x64": "1.1.2",
        "@restatedev/restate-server-linux-arm64": "1.1.2",
        "@restatedev/restate-server-linux-x64": "1.1.2"
      }
    },
    "node_modules/@restatedev/restate-server-darwin-arm64": {
      "version": "1.1.2",
      "resolved": "https://registry.npmjs.org/@restatedev/restate-server-darwin-arm64/-/restate-server-darwin-arm64-1.1.2.tgz",
      "integrity": "sha512-AkQezof1nA0VKj67fa3bUDR/tFiVifnoT5n820LYLtfWP9iuibYYK7R9QayGPEPq7PG60gsGl5npasJonVnMFg==",
      "cpu": [
        "arm64"
      ],
      "license": "BSL",
      "optional": true,
      "os": [
        "darwin"
      ]
    },
    "node_modules/@restatedev/restate-server-darwin-x64": {
      "version": "1.1.2",
      "resolved": "https://registry.npmjs.org/@restatedev/restate-server-darwin-x64/-/restate-server-darwin-x64-1.1.2.tgz",
      "integrity": "sha512-gkYwLzNfoUFUlCA1tlOe3WoWwwycQ9RxS+SfiqfirkDQ3ZA7t3qiSrc8of+YBHPC+Vdm6eDwsp1JkPoePo3FuA==",
      "cpu": [
        "x64"
      ],
      "license": "BSL",
      "optional": true,
      "os": [
        "darwin"
      ]
    },
    "node_modules/@restatedev/restate-server-linux-arm64": {
      "version": "1.1.2",
      "resolved": "https://registry.npmjs.org/@restatedev/restate-server-linux-arm64/-/restate-server-linux-arm64-1.1.2.tgz",
      "integrity": "sha512-goHe8P5Jik1wu0IDHI0D8PdzuvRRXFpYFomwLhRfSsFuT8s8DbZU1CePpiV+wZLR1P1FOLXaobblyH55YlQxYw==",
      "cpu": [
        "arm64"
      ],
      "license": "BSL",
      "optional": true,
      "os": [
        "linux"
      ]
    },
    "node_modules/@restatedev/restate-server-linux-x64": {
      "version": "1.1.2",
      "resolved": "https://registry.npmjs.org/@restatedev/restate-server-linux-x64/-/restate-server-linux-x64-1.1.2.tgz",
      "integrity": "sha512-tIlO0QoQxmfnqNCtQ3lYG+LfLiMNUAQBME1gaoOcQmWypa0C0U9HZHKooBxx9kEG0n0fZoIvFQz3wEfxXuQtrg==",
      "cpu": [
        "x64"
      ],
      "license": "BSL",
      "optional": true,
      "os": [
        "linux"
      ]
    }
  }
}
